PODS:
  - Alamofire (4.8.2)
  - Differentiator (3.1.0)
  - Localize (2.0.5)
  - ReachabilitySwift (4.3.1)
  - RxCocoa (4.5.0):
    - RxSwift (>= 4.4.2, ~> 4.4)
  - RxDataSources (3.1.0):
    - Differentiator (~> 3.0)
    - RxCocoa (~> 4.0)
    - RxSwift (~> 4.0)
  - RxSwift (4.5.0)
  - SDWebImage (5.0.6):
    - SDWebImage/Core (= 5.0.6)
  - SDWebImage/Core (5.0.6)
  - SideMenu (5.0.1)
  - XLPagerTabStrip (8.1.0)

DEPENDENCIES:
  - Alamofire
  - Localize (~> 2.0.4)
  - ReachabilitySwift
  - RxCocoa (~> 4.5)
  - RxDataSources (~> 3.1.0)
  - RxSwift (~> 4.5)
  - SDWebImage
  - SideMenu
  - XLPagerTabStrip

SPEC REPOS:
  https://github.com/CocoaPods/Specs.git:
    - Alamofire
    - Differentiator
    - Localize
    - ReachabilitySwift
    - RxCocoa
    - RxDataSources
    - RxSwift
    - SDWebImage
    - SideMenu
    - XLPagerTabStrip

SPEC CHECKSUMS:
  Alamofire: ae5c501addb7afdbb13687d7f2f722c78734c2d3
  Differentiator: be49ca3408f0ecfc761e4c7763d20c62be01b9ad
  Localize: 0fa01a98c5caf8e235cc0160984c4922aa310b61
  ReachabilitySwift: 4032e2f59586e11e3b0ebe15b167abdd587a388b
  RxCocoa: cbf70265dc65a981d4ac982e513c10cf23df24a0
  RxDataSources: a843bad90c29817f5923ec8163f4af2de084ceb3
  RxSwift: f172070dfd1a93d70a9ab97a5a01166206e1c575
  SDWebImage: 920f1a2ff1ca8296ad34f6e0510a1ef1d70ac965
  SideMenu: 87efd943737bb83aedf0358884d09fcf5576636d
  XLPagerTabStrip: 22d4c58200d7c105e0e407ab6bfd01a5d85014be

PODFILE CHECKSUM: 43ff0e2013adb6efaca5191ad619533a3ca1282a

COCOAPODS: 1.8.4
